
Microsoft Visual Studio Solution File, Format Version 12.00
# Visual Studio Version 16
VisualStudioVersion = 16.0.29709.97
MinimumVisualStudioVersion = 10.0.40219.1
Project("{9A19103F-16F7-4668-BE54-9A1E7A4F7556}") = "ClassesAndFiles", "ClassesAndFiles\ClassesAndFiles.csproj", "{227FE3C4-DDBC-4F07-AF48-D7BC24E399CD}"
EndProject
Project("{FAE04EC0-301F-11D3-BF4B-00C04F79EFBC}") = "ReadingLinesExample", "ReadingLinesExample\ReadingLinesExample.csproj", "{8DB6D408-C024-430C-89BE-95C76FBF9F14}"
EndProject
Project("{FAE04EC0-301F-11D3-BF4B-00C04F79EFBC}") = "MoreDifficultStudent", "MoreDifficultStudent\MoreDifficultStudent.csproj", "{58204719-8A32-4FCF-8923-D9B2CBA3AE95}"
EndProject
Global
	GlobalSection(SolutionConfigurationPlatforms) = preSolution
		Debug|Any CPU = Debug|Any CPU
		Release|Any CPU = Release|Any CPU
	EndGlobalSection
	GlobalSection(ProjectConfigurationPlatforms) = postSolution
		{227FE3C4-DDBC-4F07-AF48-D7BC24E399CD}.Debug|Any CPU.ActiveCfg = Debug|Any CPU
		{227FE3C4-DDBC-4F07-AF48-D7BC24E399CD}.Debug|Any CPU.Build.0 = Debug|Any CPU
		{227FE3C4-DDBC-4F07-AF48-D7BC24E399CD}.Release|Any CPU.ActiveCfg = Release|Any CPU
		{227FE3C4-DDBC-4F07-AF48-D7BC24E399CD}.Release|Any CPU.Build.0 = Release|Any CPU
		{8DB6D408-C024-430C-89BE-95C76FBF9F14}.Debug|Any CPU.ActiveCfg = Debug|Any CPU
		{8DB6D408-C024-430C-89BE-95C76FBF9F14}.Debug|Any CPU.Build.0 = Debug|Any CPU
		{8DB6D408-C024-430C-89BE-95C76FBF9F14}.Release|Any CPU.ActiveCfg = Release|Any CPU
		{8DB6D408-C024-430C-89BE-95C76FBF9F14}.Release|Any CPU.Build.0 = Release|Any CPU
		{58204719-8A32-4FCF-8923-D9B2CBA3AE95}.Debug|Any CPU.ActiveCfg = Debug|Any CPU
		{58204719-8A32-4FCF-8923-D9B2CBA3AE95}.Debug|Any CPU.Build.0 = Debug|Any CPU
		{58204719-8A32-4FCF-8923-D9B2CBA3AE95}.Release|Any CPU.ActiveCfg = Release|Any CPU
		{58204719-8A32-4FCF-8923-D9B2CBA3AE95}.Release|Any CPU.Build.0 = Release|Any CPU
	EndGlobalSection
	GlobalSection(SolutionProperties) = preSolution
		HideSolutionNode = FALSE
	EndGlobalSection
	GlobalSection(ExtensibilityGlobals) = postSolution
		SolutionGuid = {CBEB7EB0-4B8B-4500-862B-923FF2D9CC23}
	EndGlobalSection
EndGlobal
