
Microsoft Visual Studio Solution File, Format Version 12.00
# Visual Studio Version 16
VisualStudioVersion = 16.0.29709.97
MinimumVisualStudioVersion = 10.0.40219.1
Project("{FAE04EC0-301F-11D3-BF4B-00C04F79EFBC}") = "WPFCSVExample", "WPFCSVExample\WPFCSVExample.csproj", "{BCD95CE3-431F-4274-B430-6D0B4999D7C3}"
EndProject
Global
	GlobalSection(SolutionConfigurationPlatforms) = preSolution
		Debug|Any CPU = Debug|Any CPU
		Release|Any CPU = Release|Any CPU
	EndGlobalSection
	GlobalSection(ProjectConfigurationPlatforms) = postSolution
		{BCD95CE3-431F-4274-B430-6D0B4999D7C3}.Debug|Any CPU.ActiveCfg = Debug|Any CPU
		{BCD95CE3-431F-4274-B430-6D0B4999D7C3}.Debug|Any CPU.Build.0 = Debug|Any CPU
		{BCD95CE3-431F-4274-B430-6D0B4999D7C3}.Release|Any CPU.ActiveCfg = Release|Any CPU
		{BCD95CE3-431F-4274-B430-6D0B4999D7C3}.Release|Any CPU.Build.0 = Release|Any CPU
	EndGlobalSection
	GlobalSection(SolutionProperties) = preSolution
		HideSolutionNode = FALSE
	EndGlobalSection
	GlobalSection(ExtensibilityGlobals) = postSolution
		SolutionGuid = {77631982-8487-40CA-ACF9-C79F230227F8}
	EndGlobalSection
EndGlobal
