
Microsoft Visual Studio Solution File, Format Version 12.00
# Visual Studio Version 16
VisualStudioVersion = 16.0.29709.97
MinimumVisualStudioVersion = 10.0.40219.1
Project("{FAE04EC0-301F-11D3-BF4B-00C04F79EFBC}") = "WPF1", "WPF1\WPF1.csproj", "{F4B8EA4C-D7B0-4455-B560-F7F01207E341}"
EndProject
Global
	GlobalSection(SolutionConfigurationPlatforms) = preSolution
		Debug|Any CPU = Debug|Any CPU
		Release|Any CPU = Release|Any CPU
	EndGlobalSection
	GlobalSection(ProjectConfigurationPlatforms) = postSolution
		{F4B8EA4C-D7B0-4455-B560-F7F01207E341}.Debug|Any CPU.ActiveCfg = Debug|Any CPU
		{F4B8EA4C-D7B0-4455-B560-F7F01207E341}.Debug|Any CPU.Build.0 = Debug|Any CPU
		{F4B8EA4C-D7B0-4455-B560-F7F01207E341}.Release|Any CPU.ActiveCfg = Release|Any CPU
		{F4B8EA4C-D7B0-4455-B560-F7F01207E341}.Release|Any CPU.Build.0 = Release|Any CPU
	EndGlobalSection
	GlobalSection(SolutionProperties) = preSolution
		HideSolutionNode = FALSE
	EndGlobalSection
	GlobalSection(ExtensibilityGlobals) = postSolution
		SolutionGuid = {516043FD-441B-4A2A-BFE7-F9FC4B031D91}
	EndGlobalSection
EndGlobal
